
Microsoft Visual Studio Solution File, Format Version 12.00
# Visual Studio Version 16
VisualStudioVersion = 16.0.31424.327
MinimumVisualStudioVersion = 10.0.40219.1
Project("{FAE04EC0-301F-11D3-BF4B-00C04F79EFBC}") = "GorbachevaMN_NBA", "GorbachevaMN_NBA\GorbachevaMN_NBA.csproj", "{BDEC61CA-DAC2-4228-81D1-9F2F75A788E5}"
EndProject
Global
	GlobalSection(SolutionConfigurationPlatforms) = preSolution
		Debug|Any CPU = Debug|Any CPU
		Release|Any CPU = Release|Any CPU
	EndGlobalSection
	GlobalSection(ProjectConfigurationPlatforms) = postSolution
		{BDEC61CA-DAC2-4228-81D1-9F2F75A788E5}.Debug|Any CPU.ActiveCfg = Debug|Any CPU
		{BDEC61CA-DAC2-4228-81D1-9F2F75A788E5}.Debug|Any CPU.Build.0 = Debug|Any CPU
		{BDEC61CA-DAC2-4228-81D1-9F2F75A788E5}.Release|Any CPU.ActiveCfg = Release|Any CPU
		{BDEC61CA-DAC2-4228-81D1-9F2F75A788E5}.Release|Any CPU.Build.0 = Release|Any CPU
	EndGlobalSection
	GlobalSection(SolutionProperties) = preSolution
		HideSolutionNode = FALSE
	EndGlobalSection
	GlobalSection(ExtensibilityGlobals) = postSolution
		SolutionGuid = {4827FDC2-B979-4FB3-AF1F-743FB5F19FFB}
	EndGlobalSection
EndGlobal
